
Microsoft Visual Studio Solution File, Format Version 12.00
# Visual Studio 2013
VisualStudioVersion = 12.0.31101.0
MinimumVisualStudioVersion = 10.0.40219.1
Project("{E24C65DC-7377-472B-9ABA-BC803B73C61A}") = "WebSite", "http://localhost:61085", "{689E4B76-CE18-4AF3-9E24-0063A4FF1236}"
	ProjectSection(WebsiteProperties) = preProject
		UseIISExpress = "true"
		TargetFrameworkMoniker = ".NETFramework,Version%3Dv4.5"
		Debug.AspNetCompiler.VirtualPath = "/localhost_61085"
		Debug.AspNetCompiler.PhysicalPath = "WebSite\"
		Debug.AspNetCompiler.TargetPath = "PrecompiledWeb\localhost_61085\"
		Debug.AspNetCompiler.Updateable = "true"
		Debug.AspNetCompiler.ForceOverwrite = "true"
		Debug.AspNetCompiler.FixedNames = "false"
		Debug.AspNetCompiler.Debug = "True"
		Release.AspNetCompiler.VirtualPath = "/localhost_61085"
		Release.AspNetCompiler.PhysicalPath = "WebSite\"
		Release.AspNetCompiler.TargetPath = "PrecompiledWeb\localhost_61085\"
		Release.AspNetCompiler.Updateable = "true"
		Release.AspNetCompiler.ForceOverwrite = "true"
		Release.AspNetCompiler.FixedNames = "false"
		Release.AspNetCompiler.Debug = "False"
		SlnRelativePath = "WebSite\"
		DefaultWebSiteLanguage = "Visual C#"
	EndProjectSection
EndProject
Project("{FAE04EC0-301F-11D3-BF4B-00C04F79EFBC}") = "PrintServer", "ConsoleApplication1\PrintServer.csproj", "{085D3C74-8733-4FCD-BD13-F9707E6E4AED}"
EndProject
Project("{FAE04EC0-301F-11D3-BF4B-00C04F79EFBC}") = "STARAuditServer", "STARAuditServer\STARAuditServer.csproj", "{A20CD764-426B-490B-8E8E-4EA3AFD27604}"
EndProject
Project("{FAE04EC0-301F-11D3-BF4B-00C04F79EFBC}") = "ConsoleApplication2", "ConsoleApplication2\ConsoleApplication2.csproj", "{5A6582B8-8514-47D6-948B-7260781F6AB7}"
EndProject
Project("{262852C6-CD72-467D-83FE-5EEB1973A190}") = "STAR-Vote.Windows", "SpartanVote\Spartan.Windows\STAR-Vote.Windows.jsproj", "{6B89998D-7B84-4DC1-9958-B13038782DDC}"
EndProject
Project("{E24C65DC-7377-472B-9ABA-BC803B73C61A}") = "BallotTracker", "http://localhost:64239", "{19A001E4-3D98-4E7C-81FC-1714FE23A0C2}"
	ProjectSection(WebsiteProperties) = preProject
		UseIISExpress = "true"
		TargetFrameworkMoniker = ".NETFramework,Version%3Dv4.5"
		Debug.AspNetCompiler.VirtualPath = "/localhost_64239"
		Debug.AspNetCompiler.PhysicalPath = "..\..\..\..\Documents\Visual Studio 2013\WebSites\BallotTracker\"
		Debug.AspNetCompiler.TargetPath = "PrecompiledWeb\localhost_64239\"
		Debug.AspNetCompiler.Updateable = "true"
		Debug.AspNetCompiler.ForceOverwrite = "true"
		Debug.AspNetCompiler.FixedNames = "false"
		Debug.AspNetCompiler.Debug = "True"
		Release.AspNetCompiler.VirtualPath = "/localhost_64239"
		Release.AspNetCompiler.PhysicalPath = "..\..\..\..\Documents\Visual Studio 2013\WebSites\BallotTracker\"
		Release.AspNetCompiler.TargetPath = "PrecompiledWeb\localhost_64239\"
		Release.AspNetCompiler.Updateable = "true"
		Release.AspNetCompiler.ForceOverwrite = "true"
		Release.AspNetCompiler.FixedNames = "false"
		Release.AspNetCompiler.Debug = "False"
		SlnRelativePath = "..\..\..\..\Documents\Visual Studio 2013\WebSites\BallotTracker\"
		DefaultWebSiteLanguage = "Visual C#"
	EndProjectSection
EndProject
Global
	GlobalSection(SolutionConfigurationPlatforms) = preSolution
		Debug|Any CPU = Debug|Any CPU
		Debug|ARM = Debug|ARM
		Debug|x64 = Debug|x64
		Debug|x86 = Debug|x86
		Release|Any CPU = Release|Any CPU
		Release|ARM = Release|ARM
		Release|x64 = Release|x64
		Release|x86 = Release|x86
	EndGlobalSection
	GlobalSection(ProjectConfigurationPlatforms) = postSolution
		{689E4B76-CE18-4AF3-9E24-0063A4FF1236}.Debug|Any CPU.ActiveCfg = Debug|Any CPU
		{689E4B76-CE18-4AF3-9E24-0063A4FF1236}.Debug|Any CPU.Build.0 = Debug|Any CPU
		{689E4B76-CE18-4AF3-9E24-0063A4FF1236}.Debug|ARM.ActiveCfg = Debug|Any CPU
		{689E4B76-CE18-4AF3-9E24-0063A4FF1236}.Debug|x64.ActiveCfg = Debug|Any CPU
		{689E4B76-CE18-4AF3-9E24-0063A4FF1236}.Debug|x86.ActiveCfg = Debug|Any CPU
		{689E4B76-CE18-4AF3-9E24-0063A4FF1236}.Release|Any CPU.ActiveCfg = Debug|Any CPU
		{689E4B76-CE18-4AF3-9E24-0063A4FF1236}.Release|Any CPU.Build.0 = Debug|Any CPU
		{689E4B76-CE18-4AF3-9E24-0063A4FF1236}.Release|ARM.ActiveCfg = Debug|Any CPU
		{689E4B76-CE18-4AF3-9E24-0063A4FF1236}.Release|x64.ActiveCfg = Debug|Any CPU
		{689E4B76-CE18-4AF3-9E24-0063A4FF1236}.Release|x86.ActiveCfg = Debug|Any CPU
		{085D3C74-8733-4FCD-BD13-F9707E6E4AED}.Debug|Any CPU.ActiveCfg = Debug|Any CPU
		{085D3C74-8733-4FCD-BD13-F9707E6E4AED}.Debug|Any CPU.Build.0 = Debug|Any CPU
		{085D3C74-8733-4FCD-BD13-F9707E6E4AED}.Debug|ARM.ActiveCfg = Debug|Any CPU
		{085D3C74-8733-4FCD-BD13-F9707E6E4AED}.Debug|x64.ActiveCfg = Debug|Any CPU
		{085D3C74-8733-4FCD-BD13-F9707E6E4AED}.Debug|x86.ActiveCfg = Debug|Any CPU
		{085D3C74-8733-4FCD-BD13-F9707E6E4AED}.Release|Any CPU.ActiveCfg = Release|Any CPU
		{085D3C74-8733-4FCD-BD13-F9707E6E4AED}.Release|Any CPU.Build.0 = Release|Any CPU
		{085D3C74-8733-4FCD-BD13-F9707E6E4AED}.Release|ARM.ActiveCfg = Release|Any CPU
		{085D3C74-8733-4FCD-BD13-F9707E6E4AED}.Release|x64.ActiveCfg = Release|Any CPU
		{085D3C74-8733-4FCD-BD13-F9707E6E4AED}.Release|x86.ActiveCfg = Release|Any CPU
		{A20CD764-426B-490B-8E8E-4EA3AFD27604}.Debug|Any CPU.ActiveCfg = Debug|Any CPU
		{A20CD764-426B-490B-8E8E-4EA3AFD27604}.Debug|Any CPU.Build.0 = Debug|Any CPU
		{A20CD764-426B-490B-8E8E-4EA3AFD27604}.Debug|ARM.ActiveCfg = Debug|Any CPU
		{A20CD764-426B-490B-8E8E-4EA3AFD27604}.Debug|x64.ActiveCfg = Debug|Any CPU
		{A20CD764-426B-490B-8E8E-4EA3AFD27604}.Debug|x86.ActiveCfg = Debug|Any CPU
		{A20CD764-426B-490B-8E8E-4EA3AFD27604}.Release|Any CPU.ActiveCfg = Release|Any CPU
		{A20CD764-426B-490B-8E8E-4EA3AFD27604}.Release|Any CPU.Build.0 = Release|Any CPU
		{A20CD764-426B-490B-8E8E-4EA3AFD27604}.Release|ARM.ActiveCfg = Release|Any CPU
		{A20CD764-426B-490B-8E8E-4EA3AFD27604}.Release|x64.ActiveCfg = Release|Any CPU
		{A20CD764-426B-490B-8E8E-4EA3AFD27604}.Release|x86.ActiveCfg = Release|Any CPU
		{5A6582B8-8514-47D6-948B-7260781F6AB7}.Debug|Any CPU.ActiveCfg = Debug|Any CPU
		{5A6582B8-8514-47D6-948B-7260781F6AB7}.Debug|Any CPU.Build.0 = Debug|Any CPU
		{5A6582B8-8514-47D6-948B-7260781F6AB7}.Debug|ARM.ActiveCfg = Debug|Any CPU
		{5A6582B8-8514-47D6-948B-7260781F6AB7}.Debug|x64.ActiveCfg = Debug|Any CPU
		{5A6582B8-8514-47D6-948B-7260781F6AB7}.Debug|x86.ActiveCfg = Debug|Any CPU
		{5A6582B8-8514-47D6-948B-7260781F6AB7}.Release|Any CPU.ActiveCfg = Release|Any CPU
		{5A6582B8-8514-47D6-948B-7260781F6AB7}.Release|Any CPU.Build.0 = Release|Any CPU
		{5A6582B8-8514-47D6-948B-7260781F6AB7}.Release|ARM.ActiveCfg = Release|Any CPU
		{5A6582B8-8514-47D6-948B-7260781F6AB7}.Release|x64.ActiveCfg = Release|Any CPU
		{5A6582B8-8514-47D6-948B-7260781F6AB7}.Release|x86.ActiveCfg = Release|Any CPU
		{6B89998D-7B84-4DC1-9958-B13038782DDC}.Debug|Any CPU.ActiveCfg = Debug|Any CPU
		{6B89998D-7B84-4DC1-9958-B13038782DDC}.Debug|Any CPU.Build.0 = Debug|Any CPU
		{6B89998D-7B84-4DC1-9958-B13038782DDC}.Debug|Any CPU.Deploy.0 = Debug|Any CPU
		{6B89998D-7B84-4DC1-9958-B13038782DDC}.Debug|ARM.ActiveCfg = Debug|ARM
		{6B89998D-7B84-4DC1-9958-B13038782DDC}.Debug|ARM.Build.0 = Debug|ARM
		{6B89998D-7B84-4DC1-9958-B13038782DDC}.Debug|ARM.Deploy.0 = Debug|ARM
		{6B89998D-7B84-4DC1-9958-B13038782DDC}.Debug|x64.ActiveCfg = Debug|x64
		{6B89998D-7B84-4DC1-9958-B13038782DDC}.Debug|x64.Build.0 = Debug|x64
		{6B89998D-7B84-4DC1-9958-B13038782DDC}.Debug|x64.Deploy.0 = Debug|x64
		{6B89998D-7B84-4DC1-9958-B13038782DDC}.Debug|x86.ActiveCfg = Debug|x86
		{6B89998D-7B84-4DC1-9958-B13038782DDC}.Debug|x86.Build.0 = Debug|x86
		{6B89998D-7B84-4DC1-9958-B13038782DDC}.Debug|x86.Deploy.0 = Debug|x86
		{6B89998D-7B84-4DC1-9958-B13038782DDC}.Release|Any CPU.ActiveCfg = Release|Any CPU
		{6B89998D-7B84-4DC1-9958-B13038782DDC}.Release|Any CPU.Build.0 = Release|Any CPU
		{6B89998D-7B84-4DC1-9958-B13038782DDC}.Release|Any CPU.Deploy.0 = Release|Any CPU
		{6B89998D-7B84-4DC1-9958-B13038782DDC}.Release|ARM.ActiveCfg = Release|ARM
		{6B89998D-7B84-4DC1-9958-B13038782DDC}.Release|ARM.Build.0 = Release|ARM
		{6B89998D-7B84-4DC1-9958-B13038782DDC}.Release|ARM.Deploy.0 = Release|ARM
		{6B89998D-7B84-4DC1-9958-B13038782DDC}.Release|x64.ActiveCfg = Release|x64
		{6B89998D-7B84-4DC1-9958-B13038782DDC}.Release|x64.Build.0 = Release|x64
		{6B89998D-7B84-4DC1-9958-B13038782DDC}.Release|x64.Deploy.0 = Release|x64
		{6B89998D-7B84-4DC1-9958-B13038782DDC}.Release|x86.ActiveCfg = Release|x86
		{6B89998D-7B84-4DC1-9958-B13038782DDC}.Release|x86.Build.0 = Release|x86
		{6B89998D-7B84-4DC1-9958-B13038782DDC}.Release|x86.Deploy.0 = Release|x86
		{19A001E4-3D98-4E7C-81FC-1714FE23A0C2}.Debug|Any CPU.ActiveCfg = Debug|Any CPU
		{19A001E4-3D98-4E7C-81FC-1714FE23A0C2}.Debug|Any CPU.Build.0 = Debug|Any CPU
		{19A001E4-3D98-4E7C-81FC-1714FE23A0C2}.Debug|ARM.ActiveCfg = Debug|Any CPU
		{19A001E4-3D98-4E7C-81FC-1714FE23A0C2}.Debug|x64.ActiveCfg = Debug|Any CPU
		{19A001E4-3D98-4E7C-81FC-1714FE23A0C2}.Debug|x86.ActiveCfg = Debug|Any CPU
		{19A001E4-3D98-4E7C-81FC-1714FE23A0C2}.Release|Any CPU.ActiveCfg = Debug|Any CPU
		{19A001E4-3D98-4E7C-81FC-1714FE23A0C2}.Release|Any CPU.Build.0 = Debug|Any CPU
		{19A001E4-3D98-4E7C-81FC-1714FE23A0C2}.Release|ARM.ActiveCfg = Debug|Any CPU
		{19A001E4-3D98-4E7C-81FC-1714FE23A0C2}.Release|x64.ActiveCfg = Debug|Any CPU
		{19A001E4-3D98-4E7C-81FC-1714FE23A0C2}.Release|x86.ActiveCfg = Debug|Any CPU
	EndGlobalSection
	GlobalSection(SolutionProperties) = preSolution
		HideSolutionNode = FALSE
	EndGlobalSection
EndGlobal
